
Microsoft Visual Studio Solution File, Format Version 12.00
# Visual Studio Version 17
VisualStudioVersion = 17.0.31903.59
MinimumVisualStudioVersion = 10.0.40219.1
Project("{FAE04EC0-301F-11D3-BF4B-00C04F79EFBC}") = "API", "API\API.csproj", "{E38B4C35-35E5-4B95-9CD6-4C1CF73CE49E}"
EndProject
Project("{FAE04EC0-301F-11D3-BF4B-00C04F79EFBC}") = "Core", "Core\Core.csproj", "{1EEE3E88-132B-4154-862C-9C21245929A8}"
EndProject
Project("{FAE04EC0-301F-11D3-BF4B-00C04F79EFBC}") = "infrastructure", "Infrastructure\infrastructure.csproj", "{9CBA7DC2-4FB2-4C4E-B066-BA2460863DFD}"
EndProject
Global
	GlobalSection(SolutionConfigurationPlatforms) = preSolution
		Debug|Any CPU = Debug|Any CPU
		Release|Any CPU = Release|Any CPU
	EndGlobalSection
	GlobalSection(SolutionProperties) = preSolution
		HideSolutionNode = FALSE
	EndGlobalSection
	GlobalSection(ProjectConfigurationPlatforms) = postSolution
		{E38B4C35-35E5-4B95-9CD6-4C1CF73CE49E}.Debug|Any CPU.ActiveCfg = Debug|Any CPU
		{E38B4C35-35E5-4B95-9CD6-4C1CF73CE49E}.Debug|Any CPU.Build.0 = Debug|Any CPU
		{E38B4C35-35E5-4B95-9CD6-4C1CF73CE49E}.Release|Any CPU.ActiveCfg = Release|Any CPU
		{E38B4C35-35E5-4B95-9CD6-4C1CF73CE49E}.Release|Any CPU.Build.0 = Release|Any CPU
		{1EEE3E88-132B-4154-862C-9C21245929A8}.Debug|Any CPU.ActiveCfg = Debug|Any CPU
		{1EEE3E88-132B-4154-862C-9C21245929A8}.Debug|Any CPU.Build.0 = Debug|Any CPU
		{1EEE3E88-132B-4154-862C-9C21245929A8}.Release|Any CPU.ActiveCfg = Release|Any CPU
		{1EEE3E88-132B-4154-862C-9C21245929A8}.Release|Any CPU.Build.0 = Release|Any CPU
		{9CBA7DC2-4FB2-4C4E-B066-BA2460863DFD}.Debug|Any CPU.ActiveCfg = Debug|Any CPU
		{9CBA7DC2-4FB2-4C4E-B066-BA2460863DFD}.Debug|Any CPU.Build.0 = Debug|Any CPU
		{9CBA7DC2-4FB2-4C4E-B066-BA2460863DFD}.Release|Any CPU.ActiveCfg = Release|Any CPU
		{9CBA7DC2-4FB2-4C4E-B066-BA2460863DFD}.Release|Any CPU.Build.0 = Release|Any CPU
	EndGlobalSection
EndGlobal
